
Microsoft Visual Studio Solution File, Format Version 12.00
# Visual Studio 15
VisualStudioVersion = 15.0.27703.2026
MinimumVisualStudioVersion = 10.0.40219.1
Project("{FAE04EC0-301F-11D3-BF4B-00C04F79EFBC}") = "Web_Api_Client", "Web_Api_Client\Web_Api_Client.csproj", "{F3627845-B5E4-4266-A127-7F6C4E16BBE8}"
EndProject
Project("{2150E333-8FDC-42A3-9474-1A3956D46DE8}") = "Solution Items", "Solution Items", "{C0F7B54F-1FE1-4682-94F4-74247CF6973A}"
EndProject
Global
	GlobalSection(SolutionConfigurationPlatforms) = preSolution
		Debug|Any CPU = Debug|Any CPU
		Release|Any CPU = Release|Any CPU
	EndGlobalSection
	GlobalSection(ProjectConfigurationPlatforms) = postSolution
		{F3627845-B5E4-4266-A127-7F6C4E16BBE8}.Debug|Any CPU.ActiveCfg = Debug|Any CPU
		{F3627845-B5E4-4266-A127-7F6C4E16BBE8}.Debug|Any CPU.Build.0 = Debug|Any CPU
		{F3627845-B5E4-4266-A127-7F6C4E16BBE8}.Release|Any CPU.ActiveCfg = Release|Any CPU
		{F3627845-B5E4-4266-A127-7F6C4E16BBE8}.Release|Any CPU.Build.0 = Release|Any CPU
	EndGlobalSection
	GlobalSection(SolutionProperties) = preSolution
		HideSolutionNode = FALSE
	EndGlobalSection
	GlobalSection(ExtensibilityGlobals) = postSolution
		SolutionGuid = {D6E7ECA8-C54F-4044-87CE-4F788519F227}
	EndGlobalSection
EndGlobal
